// !$*UTF8*$!
{
	archiveVersion = 1;
	classes = {
	};
	objectVersion = 46;
	objects = {

/* Begin PBXBuildFile section */
		8AC2DB2AC88F80D3068BB493 /* Pods_TopPicUITests.framework in Frameworks */ = {isa = PBXBuildFile; fileRef = 225FA5F2188D665F1EC5B011 /* Pods_TopPicUITests.framework */; };
		93FC8CE6B9C35A73DF3DFD2B /* Pods_TopPic.framework in Frameworks */ = {isa = PBXBuildFile; fileRef = 82A60510E7552A2083BDBDA9 /* Pods_TopPic.framework */; };
		AEDE7EC3A2CD0052D1941452 /* Pods_TopPicTests.framework in Frameworks */ = {isa = PBXBuildFile; fileRef = DC3725C28D96A7DE19F6CAFF /* Pods_TopPicTests.framework */; };
		E53C35431F20370700753B32 /* FeedVC.swift in Sources */ = {isa = PBXBuildFile; fileRef = E53C35421F20370700753B32 /* FeedVC.swift */; };
		E59BF8C41F1C4AE600AE1379 /* AppDelegate.swift in Sources */ = {isa = PBXBuildFile; fileRef = E59BF8C31F1C4AE600AE1379 /* AppDelegate.swift */; };
		E59BF8C61F1C4AE600AE1379 /* SignInVC.swift in Sources */ = {isa = PBXBuildFile; fileRef = E59BF8C51F1C4AE600AE1379 /* SignInVC.swift */; };
		E59BF8C91F1C4AE600AE1379 /* Main.storyboard in Resources */ = {isa = PBXBuildFile; fileRef = E59BF8C71F1C4AE600AE1379 /* Main.storyboard */; };
		E59BF8CB1F1C4AE600AE1379 /* Assets.xcassets in Resources */ = {isa = PBXBuildFile; fileRef = E59BF8CA1F1C4AE600AE1379 /* Assets.xcassets */; };
		E59BF8CE1F1C4AE600AE1379 /* LaunchScreen.storyboard in Resources */ = {isa = PBXBuildFile; fileRef = E59BF8CC1F1C4AE600AE1379 /* LaunchScreen.storyboard */; };
		E59BF8D91F1C4AE600AE1379 /* TopPicTests.swift in Sources */ = {isa = PBXBuildFile; fileRef = E59BF8D81F1C4AE600AE1379 /* TopPicTests.swift */; };
		E59BF8E41F1C4AE600AE1379 /* TopPicUITests.swift in Sources */ = {isa = PBXBuildFile; fileRef = E59BF8E31F1C4AE600AE1379 /* TopPicUITests.swift */; };
		E59BF8F21F1C4B0400AE1379 /* GoogleService-Info.plist in Resources */ = {isa = PBXBuildFile; fileRef = E59BF8F11F1C4B0400AE1379 /* GoogleService-Info.plist */; };
		E5EB99E21F1EB47B00B84699 /* Lemonada-Regular.ttf in Resources */ = {isa = PBXBuildFile; fileRef = E5EB99E11F1EB47B00B84699 /* Lemonada-Regular.ttf */; };
		E5EB99E41F1ECC2F00B84699 /* DesignerView.swift in Sources */ = {isa = PBXBuildFile; fileRef = E5EB99E31F1ECC2F00B84699 /* DesignerView.swift */; };
		E5EB99E71F1ECCC300B84699 /* Constants.swift in Sources */ = {isa = PBXBuildFile; fileRef = E5EB99E61F1ECCC300B84699 /* Constants.swift */; };
		E5EB99E91F1ECEBF00B84699 /* RoundButt.swift in Sources */ = {isa = PBXBuildFile; fileRef = E5EB99E81F1ECEBF00B84699 /* RoundButt.swift */; };
		E5EB99EB1F1ED2F100B84699 /* DesignerField.swift in Sources */ = {isa = PBXBuildFile; fileRef = E5EB99EA1F1ED2F100B84699 /* DesignerField.swift */; };
		E5EB99ED1F1ED43C00B84699 /* DesignerButt.swift in Sources */ = {isa = PBXBuildFile; fileRef = E5EB99EC1F1ED43C00B84699 /* DesignerButt.swift */; };
		E5EB99EF1F1ED7D500B84699 /* FBSDKLoginKit.framework in Frameworks */ = {isa = PBXBuildFile; fileRef = E5EB99EE1F1ED7D500B84699 /* FBSDKLoginKit.framework */; };
		E5EB99F11F1EF83A00B84699 /* FBSDKCoreKit.framework in Frameworks */ = {isa = PBXBuildFile; fileRef = E5EB99F01F1EF83A00B84699 /* FBSDKCoreKit.framework */; };
		E5EB99F51F1EFCA300B84699 /* FacebookCore.framework in Frameworks */ = {isa = PBXBuildFile; fileRef = E5EB99F21F1EFCA300B84699 /* FacebookCore.framework */; };
		E5EB99F61F1EFCA300B84699 /* FacebookLogin.framework in Frameworks */ = {isa = PBXBuildFile; fileRef = E5EB99F31F1EFCA300B84699 /* FacebookLogin.framework */; };
		E5EB99F71F1EFCA300B84699 /* FacebookShare.framework in Frameworks */ = {isa = PBXBuildFile; fileRef = E5EB99F41F1EFCA300B84699 /* FacebookShare.framework */; };
/* End PBXBuildFile section */

/* Begin PBXContainerItemProxy section */
		E59BF8D51F1C4AE600AE1379 /* PBXContainerItemProxy */ = {
			isa = PBXContainerItemProxy;
			containerPortal = E59BF8B81F1C4AE600AE1379 /* Project object */;
			proxyType = 1;
			remoteGlobalIDString = E59BF8BF1F1C4AE600AE1379;
			remoteInfo = TopPic;
		};
		E59BF8E01F1C4AE600AE1379 /* PBXContainerItemProxy */ = {
			isa = PBXContainerItemProxy;
			containerPortal = E59BF8B81F1C4AE600AE1379 /* Project object */;
			proxyType = 1;
			remoteGlobalIDString = E59BF8BF1F1C4AE600AE1379;
			remoteInfo = TopPic;
		};
/* End PBXContainerItemProxy section */

/* Begin PBXFileReference section */
		18B80E028DE8353076B2793E /* Pods-TopPicUITests.debug.xcconfig */ = {isa = PBXFileReference; includeInIndex = 1; lastKnownFileType = text.xcconfig; name = "Pods-TopPicUITests.debug.xcconfig"; path = "Pods/Target Support Files/Pods-TopPicUITests/Pods-TopPicUITests.debug.xcconfig"; sourceTree = "<group>"; };
		225FA5F2188D665F1EC5B011 /* Pods_TopPicUITests.framework */ = {isa = PBXFileReference; explicitFileType = wrapper.framework; includeInIndex = 0; path = Pods_TopPicUITests.framework; sourceTree = BUILT_PRODUCTS_DIR; };
		2E1612D14AF652F26F101CD2 /* Pods-TopPicUITests.release.xcconfig */ = {isa = PBXFileReference; includeInIndex = 1; lastKnownFileType = text.xcconfig; name = "Pods-TopPicUITests.release.xcconfig"; path = "Pods/Target Support Files/Pods-TopPicUITests/Pods-TopPicUITests.release.xcconfig"; sourceTree = "<group>"; };
		4368B9214CEC59DB4CDB60CE /* Pods-TopPic.release.xcconfig */ = {isa = PBXFileReference; includeInIndex = 1; lastKnownFileType = text.xcconfig; name = "Pods-TopPic.release.xcconfig"; path = "Pods/Target Support Files/Pods-TopPic/Pods-TopPic.release.xcconfig"; sourceTree = "<group>"; };
		82A60510E7552A2083BDBDA9 /* Pods_TopPic.framework */ = {isa = PBXFileReference; explicitFileType = wrapper.framework; includeInIndex = 0; path = Pods_TopPic.framework; sourceTree = BUILT_PRODUCTS_DIR; };
		88DA45C3B627D6D109A155AA /* Pods-TopPic.debug.xcconfig */ = {isa = PBXFileReference; includeInIndex = 1; lastKnownFileType = text.xcconfig; name = "Pods-TopPic.debug.xcconfig"; path = "Pods/Target Support Files/Pods-TopPic/Pods-TopPic.debug.xcconfig"; sourceTree = "<group>"; };
		963AB638645434E61543EF66 /* Pods-TopPicTests.debug.xcconfig */ = {isa = PBXFileReference; includeInIndex = 1; lastKnownFileType = text.xcconfig; name = "Pods-TopPicTests.debug.xcconfig"; path = "Pods/Target Support Files/Pods-TopPicTests/Pods-TopPicTests.debug.xcconfig"; sourceTree = "<group>"; };
		B76F2E9680CF3DA4CFF2FE6C /* Pods-TopPicTests.release.xcconfig */ = {isa = PBXFileReference; includeInIndex = 1; lastKnownFileType = text.xcconfig; name = "Pods-TopPicTests.release.xcconfig"; path = "Pods/Target Support Files/Pods-TopPicTests/Pods-TopPicTests.release.xcconfig"; sourceTree = "<group>"; };
		DC3725C28D96A7DE19F6CAFF /* Pods_TopPicTests.framework */ = {isa = PBXFileReference; explicitFileType = wrapper.framework; includeInIndex = 0; path = Pods_TopPicTests.framework; sourceTree = BUILT_PRODUCTS_DIR; };
		E53C35421F20370700753B32 /* FeedVC.swift */ = {isa = PBXFileReference; fileEncoding = 4; lastKnownFileType = sourcecode.swift; path = FeedVC.swift; sourceTree = "<group>"; };
		E59BF8C01F1C4AE600AE1379 /* TopPic.app */ = {isa = PBXFileReference; explicitFileType = wrapper.application; includeInIndex = 0; path = TopPic.app; sourceTree = BUILT_PRODUCTS_DIR; };
		E59BF8C31F1C4AE600AE1379 /* AppDelegate.swift */ = {isa = PBXFileReference; lastKnownFileType = sourcecode.swift; path = AppDelegate.swift; sourceTree = "<group>"; };
		E59BF8C51F1C4AE600AE1379 /* SignInVC.swift */ = {isa = PBXFileReference; lastKnownFileType = sourcecode.swift; path = SignInVC.swift; sourceTree = "<group>"; };
		E59BF8C81F1C4AE600AE1379 /* Base */ = {isa = PBXFileReference; lastKnownFileType = file.storyboard; name = Base; path = Base.lproj/Main.storyboard; sourceTree = "<group>"; };
		E59BF8CA1F1C4AE600AE1379 /* Assets.xcassets */ = {isa = PBXFileReference; lastKnownFileType = folder.assetcatalog; path = Assets.xcassets; sourceTree = "<group>"; };
		E59BF8CD1F1C4AE600AE1379 /* Base */ = {isa = PBXFileReference; lastKnownFileType = file.storyboard; name = Base; path = Base.lproj/LaunchScreen.storyboard; sourceTree = "<group>"; };
		E59BF8CF1F1C4AE600AE1379 /* Info.plist */ = {isa = PBXFileReference; lastKnownFileType = text.plist.xml; path = Info.plist; sourceTree = "<group>"; };
		E59BF8D41F1C4AE600AE1379 /* TopPicTests.xctest */ = {isa = PBXFileReference; explicitFileType = wrapper.cfbundle; includeInIndex = 0; path = TopPicTests.xctest; sourceTree = BUILT_PRODUCTS_DIR; };
		E59BF8D81F1C4AE600AE1379 /* TopPicTests.swift */ = {isa = PBXFileReference; lastKnownFileType = sourcecode.swift; path = TopPicTests.swift; sourceTree = "<group>"; };
		E59BF8DA1F1C4AE600AE1379 /* Info.plist */ = {isa = PBXFileReference; lastKnownFileType = text.plist.xml; path = Info.plist; sourceTree = "<group>"; };
		E59BF8DF1F1C4AE600AE1379 /* TopPicUITests.xctest */ = {isa = PBXFileReference; explicitFileType = wrapper.cfbundle; includeInIndex = 0; path = TopPicUITests.xctest; sourceTree = BUILT_PRODUCTS_DIR; };
		E59BF8E31F1C4AE600AE1379 /* TopPicUITests.swift */ = {isa = PBXFileReference; lastKnownFileType = sourcecode.swift; path = TopPicUITests.swift; sourceTree = "<group>"; };
		E59BF8E51F1C4AE600AE1379 /* Info.plist */ = {isa = PBXFileReference; lastKnownFileType = text.plist.xml; path = Info.plist; sourceTree = "<group>"; };
		E59BF8F11F1C4B0400AE1379 /* GoogleService-Info.plist */ = {isa = PBXFileReference; fileEncoding = 4; lastKnownFileType = text.plist.xml; path = "GoogleService-Info.plist"; sourceTree = "<group>"; };
		E5EB99E11F1EB47B00B84699 /* Lemonada-Regular.ttf */ = {isa = PBXFileReference; lastKnownFileType = file; path = "Lemonada-Regular.ttf"; sourceTree = "<group>"; };
		E5EB99E31F1ECC2F00B84699 /* DesignerView.swift */ = {isa = PBXFileReference; fileEncoding = 4; lastKnownFileType = sourcecode.swift; path = DesignerView.swift; sourceTree = "<group>"; };
		E5EB99E61F1ECCC300B84699 /* Constants.swift */ = {isa = PBXFileReference; fileEncoding = 4; lastKnownFileType = sourcecode.swift; path = Constants.swift; sourceTree = "<group>"; };
		E5EB99E81F1ECEBF00B84699 /* RoundButt.swift */ = {isa = PBXFileReference; fileEncoding = 4; lastKnownFileType = sourcecode.swift; path = RoundButt.swift; sourceTree = "<group>"; };
		E5EB99EA1F1ED2F100B84699 /* DesignerField.swift */ = {isa = PBXFileReference; fileEncoding = 4; lastKnownFileType = sourcecode.swift; path = DesignerField.swift; sourceTree = "<group>"; };
		E5EB99EC1F1ED43C00B84699 /* DesignerButt.swift */ = {isa = PBXFileReference; fileEncoding = 4; lastKnownFileType = sourcecode.swift; path = DesignerButt.swift; sourceTree = "<group>"; };
		E5EB99EE1F1ED7D500B84699 /* FBSDKLoginKit.framework */ = {isa = PBXFileReference; lastKnownFileType = wrapper.framework; path = FBSDKLoginKit.framework; sourceTree = "<group>"; };
		E5EB99F01F1EF83A00B84699 /* FBSDKCoreKit.framework */ = {isa = PBXFileReference; lastKnownFileType = wrapper.framework; path = FBSDKCoreKit.framework; sourceTree = "<group>"; };
		E5EB99F21F1EFCA300B84699 /* FacebookCore.framework */ = {isa = PBXFileReference; lastKnownFileType = wrapper.framework; name = FacebookCore.framework; path = "../../../Library/Developer/Xcode/DerivedData/TopPic-gjwvykskuinqgofoczfwrjfcptmc/Build/Products/Debug-iphonesimulator/FacebookCore/FacebookCore.framework"; sourceTree = "<group>"; };
		E5EB99F31F1EFCA300B84699 /* FacebookLogin.framework */ = {isa = PBXFileReference; lastKnownFileType = wrapper.framework; name = FacebookLogin.framework; path = "../../../Library/Developer/Xcode/DerivedData/TopPic-gjwvykskuinqgofoczfwrjfcptmc/Build/Products/Debug-iphonesimulator/FacebookLogin/FacebookLogin.framework"; sourceTree = "<group>"; };
		E5EB99F41F1EFCA300B84699 /* FacebookShare.framework */ = {isa = PBXFileReference; lastKnownFileType = wrapper.framework; name = FacebookShare.framework; path = "../../../Library/Developer/Xcode/DerivedData/TopPic-gjwvykskuinqgofoczfwrjfcptmc/Build/Products/Debug-iphonesimulator/FacebookShare/FacebookShare.framework"; sourceTree = "<group>"; };
/* End PBXFileReference section */

/* Begin PBXFrameworksBuildPhase section */
		E59BF8BD1F1C4AE600AE1379 /* Frameworks */ = {
			isa = PBXFrameworksBuildPhase;
			buildActionMask = 2147483647;
			files = (
				E5EB99F51F1EFCA300B84699 /* FacebookCore.framework in Frameworks */,
				E5EB99F61F1EFCA300B84699 /* FacebookLogin.framework in Frameworks */,
				E5EB99F71F1EFCA300B84699 /* FacebookShare.framework in Frameworks */,
				E5EB99EF1F1ED7D500B84699 /* FBSDKLoginKit.framework in Frameworks */,
				E5EB99F11F1EF83A00B84699 /* FBSDKCoreKit.framework in Frameworks */,
				93FC8CE6B9C35A73DF3DFD2B /* Pods_TopPic.framework in Frameworks */,
			);
			runOnlyForDeploymentPostprocessing = 0;
		};
		E59BF8D11F1C4AE600AE1379 /* Frameworks */ = {
			isa = PBXFrameworksBuildPhase;
			buildActionMask = 2147483647;
			files = (
				AEDE7EC3A2CD0052D1941452 /* Pods_TopPicTests.framework in Frameworks */,
			);
			runOnlyForDeploymentPostprocessing = 0;
		};
		E59BF8DC1F1C4AE600AE1379 /* Frameworks */ = {
			isa = PBXFrameworksBuildPhase;
			buildActionMask = 2147483647;
			files = (
				8AC2DB2AC88F80D3068BB493 /* Pods_TopPicUITests.framework in Frameworks */,
			);
			runOnlyForDeploymentPostprocessing = 0;
		};
/* End PBXFrameworksBuildPhase section */

/* Begin PBXGroup section */
		2EC2760CD826834A98EB8ACC /* Pods */ = {
			isa = PBXGroup;
			children = (
				88DA45C3B627D6D109A155AA /* Pods-TopPic.debug.xcconfig */,
				4368B9214CEC59DB4CDB60CE /* Pods-TopPic.release.xcconfig */,
				963AB638645434E61543EF66 /* Pods-TopPicTests.debug.xcconfig */,
				B76F2E9680CF3DA4CFF2FE6C /* Pods-TopPicTests.release.xcconfig */,
				18B80E028DE8353076B2793E /* Pods-TopPicUITests.debug.xcconfig */,
				2E1612D14AF652F26F101CD2 /* Pods-TopPicUITests.release.xcconfig */,
			);
			name = Pods;
			sourceTree = "<group>";
		};
		E1FC9984EA70FD1AC819DAF1 /* Frameworks */ = {
			isa = PBXGroup;
			children = (
				E5EB99F21F1EFCA300B84699 /* FacebookCore.framework */,
				E5EB99F31F1EFCA300B84699 /* FacebookLogin.framework */,
				E5EB99F41F1EFCA300B84699 /* FacebookShare.framework */,
				E5EB99F01F1EF83A00B84699 /* FBSDKCoreKit.framework */,
				E5EB99EE1F1ED7D500B84699 /* FBSDKLoginKit.framework */,
				82A60510E7552A2083BDBDA9 /* Pods_TopPic.framework */,
				DC3725C28D96A7DE19F6CAFF /* Pods_TopPicTests.framework */,
				225FA5F2188D665F1EC5B011 /* Pods_TopPicUITests.framework */,
			);
			name = Frameworks;
			sourceTree = "<group>";
		};
		E59BF8B71F1C4AE600AE1379 = {
			isa = PBXGroup;
			children = (
				E59BF8C21F1C4AE600AE1379 /* TopPic */,
				E59BF8D71F1C4AE600AE1379 /* TopPicTests */,
				E59BF8E21F1C4AE600AE1379 /* TopPicUITests */,
				E59BF8C11F1C4AE600AE1379 /* Products */,
				2EC2760CD826834A98EB8ACC /* Pods */,
				E1FC9984EA70FD1AC819DAF1 /* Frameworks */,
			);
			sourceTree = "<group>";
		};
		E59BF8C11F1C4AE600AE1379 /* Products */ = {
			isa = PBXGroup;
			children = (
				E59BF8C01F1C4AE600AE1379 /* TopPic.app */,
				E59BF8D41F1C4AE600AE1379 /* TopPicTests.xctest */,
				E59BF8DF1F1C4AE600AE1379 /* TopPicUITests.xctest */,
			);
			name = Products;
			sourceTree = "<group>";
		};
		E59BF8C21F1C4AE600AE1379 /* TopPic */ = {
			isa = PBXGroup;
			children = (
				E5EB99E51F1ECCB200B84699 /* Utilities */,
				E5EB99E01F1EB45700B84699 /* Fonts */,
				E59BF8F51F1C4B1500AE1379 /* Controller */,
				E59BF8F41F1C4B1000AE1379 /* View */,
				E59BF8F31F1C4B0B00AE1379 /* Model */,
				E59BF8C31F1C4AE600AE1379 /* AppDelegate.swift */,
				E59BF8C71F1C4AE600AE1379 /* Main.storyboard */,
				E59BF8CA1F1C4AE600AE1379 /* Assets.xcassets */,
				E59BF8CC1F1C4AE600AE1379 /* LaunchScreen.storyboard */,
				E59BF8CF1F1C4AE600AE1379 /* Info.plist */,
				E59BF8F11F1C4B0400AE1379 /* GoogleService-Info.plist */,
			);
			path = TopPic;
			sourceTree = "<group>";
		};
		E59BF8D71F1C4AE600AE1379 /* TopPicTests */ = {
			isa = PBXGroup;
			children = (
				E59BF8D81F1C4AE600AE1379 /* TopPicTests.swift */,
				E59BF8DA1F1C4AE600AE1379 /* Info.plist */,
			);
			path = TopPicTests;
			sourceTree = "<group>";
		};
		E59BF8E21F1C4AE600AE1379 /* TopPicUITests */ = {
			isa = PBXGroup;
			children = (
				E59BF8E31F1C4AE600AE1379 /* TopPicUITests.swift */,
				E59BF8E51F1C4AE600AE1379 /* Info.plist */,
			);
			path = TopPicUITests;
			sourceTree = "<group>";
		};
		E59BF8F31F1C4B0B00AE1379 /* Model */ = {
			isa = PBXGroup;
			children = (
			);
			name = Model;
			sourceTree = "<group>";
		};
		E59BF8F41F1C4B1000AE1379 /* View */ = {
			isa = PBXGroup;
			children = (
				E5EB99E31F1ECC2F00B84699 /* DesignerView.swift */,
				E5EB99E81F1ECEBF00B84699 /* RoundButt.swift */,
				E5EB99EA1F1ED2F100B84699 /* DesignerField.swift */,
				E5EB99EC1F1ED43C00B84699 /* DesignerButt.swift */,
			);
			name = View;
			sourceTree = "<group>";
		};
		E59BF8F51F1C4B1500AE1379 /* Controller */ = {
			isa = PBXGroup;
			children = (
				E59BF8C51F1C4AE600AE1379 /* SignInVC.swift */,
				E53C35421F20370700753B32 /* FeedVC.swift */,
			);
			name = Controller;
			sourceTree = "<group>";
		};
		E5EB99E01F1EB45700B84699 /* Fonts */ = {
			isa = PBXGroup;
			children = (
				E5EB99E11F1EB47B00B84699 /* Lemonada-Regular.ttf */,
			);
			name = Fonts;
			sourceTree = "<group>";
		};
		E5EB99E51F1ECCB200B84699 /* Utilities */ = {
			isa = PBXGroup;
			children = (
				E5EB99E61F1ECCC300B84699 /* Constants.swift */,
			);
			name = Utilities;
			sourceTree = "<group>";
		};
/* End PBXGroup section */

/* Begin PBXNativeTarget section */
		E59BF8BF1F1C4AE600AE1379 /* TopPic */ = {
			isa = PBXNativeTarget;
			buildConfigurationList = E59BF8E81F1C4AE600AE1379 /* Build configuration list for PBXNativeTarget "TopPic" */;
			buildPhases = (
				D7580C11B016BBB016944ADF /* [CP] Check Pods Manifest.lock */,
				E59BF8BC1F1C4AE600AE1379 /* Sources */,
				E59BF8BD1F1C4AE600AE1379 /* Frameworks */,
				E59BF8BE1F1C4AE600AE1379 /* Resources */,
				9DBC41319571E0BF77674F77 /* [CP] Embed Pods Frameworks */,
				7E84AA7B3EB3B31BB3A58C93 /* [CP] Copy Pods Resources */,
			);
			buildRules = (
			);
			dependencies = (
			);
			name = TopPic;
			productName = TopPic;
			productReference = E59BF8C01F1C4AE600AE1379 /* TopPic.app */;
			productType = "com.apple.product-type.application";
		};
		E59BF8D31F1C4AE600AE1379 /* TopPicTests */ = {
			isa = PBXNativeTarget;
			buildConfigurationList = E59BF8EB1F1C4AE600AE1379 /* Build configuration list for PBXNativeTarget "TopPicTests" */;
			buildPhases = (
				935D3C002138CD54DC6D4216 /* [CP] Check Pods Manifest.lock */,
				E59BF8D01F1C4AE600AE1379 /* Sources */,
				E59BF8D11F1C4AE600AE1379 /* Frameworks */,
				E59BF8D21F1C4AE600AE1379 /* Resources */,
				5C26892654A02E03225C0107 /* [CP] Embed Pods Frameworks */,
				A6DC9F3018E25613235FB6B6 /* [CP] Copy Pods Resources */,
			);
			buildRules = (
			);
			dependencies = (
				E59BF8D61F1C4AE600AE1379 /* PBXTargetDependency */,
			);
			name = TopPicTests;
			productName = TopPicTests;
			productReference = E59BF8D41F1C4AE600AE1379 /* TopPicTests.xctest */;
			productType = "com.apple.product-type.bundle.unit-test";
		};
		E59BF8DE1F1C4AE600AE1379 /* TopPicUITests */ = {
			isa = PBXNativeTarget;
			buildConfigurationList = E59BF8EE1F1C4AE600AE1379 /* Build configuration list for PBXNativeTarget "TopPicUITests" */;
			buildPhases = (
				7C65AB03998B5009F22C778A /* [CP] Check Pods Manifest.lock */,
				E59BF8DB1F1C4AE600AE1379 /* Sources */,
				E59BF8DC1F1C4AE600AE1379 /* Frameworks */,
				E59BF8DD1F1C4AE600AE1379 /* Resources */,
				834D3EE9CDAF8D6C869B435A /* [CP] Embed Pods Frameworks */,
				86ABACF4F2334D821CCE12A0 /* [CP] Copy Pods Resources */,
			);
			buildRules = (
			);
			dependencies = (
				E59BF8E11F1C4AE600AE1379 /* PBXTargetDependency */,
			);
			name = TopPicUITests;
			productName = TopPicUITests;
			productReference = E59BF8DF1F1C4AE600AE1379 /* TopPicUITests.xctest */;
			productType = "com.apple.product-type.bundle.ui-testing";
		};
/* End PBXNativeTarget section */

/* Begin PBXProject section */
		E59BF8B81F1C4AE600AE1379 /* Project object */ = {
			isa = PBXProject;
			attributes = {
				LastSwiftUpdateCheck = 0830;
				LastUpgradeCheck = 0830;
				ORGANIZATIONNAME = "Chad Fegley";
				TargetAttributes = {
					E59BF8BF1F1C4AE600AE1379 = {
						CreatedOnToolsVersion = 8.3.3;
						DevelopmentTeam = K3QN7X3UHX;
						ProvisioningStyle = Automatic;
					};
					E59BF8D31F1C4AE600AE1379 = {
						CreatedOnToolsVersion = 8.3.3;
						DevelopmentTeam = K3QN7X3UHX;
						ProvisioningStyle = Automatic;
						TestTargetID = E59BF8BF1F1C4AE600AE1379;
					};
					E59BF8DE1F1C4AE600AE1379 = {
						CreatedOnToolsVersion = 8.3.3;
						DevelopmentTeam = K3QN7X3UHX;
						ProvisioningStyle = Automatic;
						TestTargetID = E59BF8BF1F1C4AE600AE1379;
					};
				};
			};
			buildConfigurationList = E59BF8BB1F1C4AE600AE1379 /* Build configuration list for PBXProject "TopPic" */;
			compatibilityVersion = "Xcode 3.2";
			developmentRegion = English;
			hasScannedForEncodings = 0;
			knownRegions = (
				en,
				Base,
			);
			mainGroup = E59BF8B71F1C4AE600AE1379;
			productRefGroup = E59BF8C11F1C4AE600AE1379 /* Products */;
			projectDirPath = "";
			projectRoot = "";
			targets = (
				E59BF8BF1F1C4AE600AE1379 /* TopPic */,
				E59BF8D31F1C4AE600AE1379 /* TopPicTests */,
				E59BF8DE1F1C4AE600AE1379 /* TopPicUITests */,
			);
		};
/* End PBXProject section */

/* Begin PBXResourcesBuildPhase section */
		E59BF8BE1F1C4AE600AE1379 /* Resources */ = {
			isa = PBXResourcesBuildPhase;
			buildActionMask = 2147483647;
			files = (
				E59BF8CE1F1C4AE600AE1379 /* LaunchScreen.storyboard in Resources */,
				E5EB99E21F1EB47B00B84699 /* Lemonada-Regular.ttf in Resources */,
				E59BF8F21F1C4B0400AE1379 /* GoogleService-Info.plist in Resources */,
				E59BF8CB1F1C4AE600AE1379 /* Assets.xcassets in Resources */,
				E59BF8C91F1C4AE600AE1379 /* Main.storyboard in Resources */,
			);
			runOnlyForDeploymentPostprocessing = 0;
		};
		E59BF8D21F1C4AE600AE1379 /* Resources */ = {
			isa = PBXResourcesBuildPhase;
			buildActionMask = 2147483647;
			files = (
			);
			runOnlyForDeploymentPostprocessing = 0;
		};
		E59BF8DD1F1C4AE600AE1379 /* Resources */ = {
			isa = PBXResourcesBuildPhase;
			buildActionMask = 2147483647;
			files = (
			);
			runOnlyForDeploymentPostprocessing = 0;
		};
/* End PBXResourcesBuildPhase section */

/* Begin PBXShellScriptBuildPhase section */
		5C26892654A02E03225C0107 /* [CP] Embed Pods Frameworks */ = {
			isa = PBXShellScriptBuildPhase;
			buildActionMask = 2147483647;
			files = (
			);
			inputPaths = (
			);
			name = "[CP] Embed Pods Frameworks";
			outputPaths = (
			);
			runOnlyForDeploymentPostprocessing = 0;
			shellPath = /bin/sh;
			shellScript = "\"${SRCROOT}/Pods/Target Support Files/Pods-TopPicTests/Pods-TopPicTests-frameworks.sh\"\n";
			showEnvVarsInLog = 0;
		};
		7C65AB03998B5009F22C778A /* [CP] Check Pods Manifest.lock */ = {
			isa = PBXShellScriptBuildPhase;
			buildActionMask = 2147483647;
			files = (
			);
			inputPaths = (
			);
			name = "[CP] Check Pods Manifest.lock";
			outputPaths = (
			);
			runOnlyForDeploymentPostprocessing = 0;
			shellPath = /bin/sh;
			shellScript = "diff \"${PODS_PODFILE_DIR_PATH}/Podfile.lock\" \"${PODS_ROOT}/Manifest.lock\" > /dev/null\nif [ $? != 0 ] ; then\n    # print error to STDERR\n    echo \"error: The sandbox is not in sync with the Podfile.lock. Run 'pod install' or update your CocoaPods installation.\" >&2\n    exit 1\nfi\n";
			showEnvVarsInLog = 0;
		};
		7E84AA7B3EB3B31BB3A58C93 /* [CP] Copy Pods Resources */ = {
			isa = PBXShellScriptBuildPhase;
			buildActionMask = 2147483647;
			files = (
			);
			inputPaths = (
			);
			name = "[CP] Copy Pods Resources";
			outputPaths = (
			);
			runOnlyForDeploymentPostprocessing = 0;
			shellPath = /bin/sh;
			shellScript = "\"${SRCROOT}/Pods/Target Support Files/Pods-TopPic/Pods-TopPic-resources.sh\"\n";
			showEnvVarsInLog = 0;
		};
		834D3EE9CDAF8D6C869B435A /* [CP] Embed Pods Frameworks */ = {
			isa = PBXShellScriptBuildPhase;
			buildActionMask = 2147483647;
			files = (
			);
			inputPaths = (
			);
			name = "[CP] Embed Pods Frameworks";
			outputPaths = (
			);
			runOnlyForDeploymentPostprocessing = 0;
			shellPath = /bin/sh;
			shellScript = "\"${SRCROOT}/Pods/Target Support Files/Pods-TopPicUITests/Pods-TopPicUITests-frameworks.sh\"\n";
			showEnvVarsInLog = 0;
		};
		86ABACF4F2334D821CCE12A0 /* [CP] Copy Pods Resources */ = {
			isa = PBXShellScriptBuildPhase;
			buildActionMask = 2147483647;
			files = (
			);
			inputPaths = (
			);
			name = "[CP] Copy Pods Resources";
			outputPaths = (
			);
			runOnlyForDeploymentPostprocessing = 0;
			shellPath = /bin/sh;
			shellScript = "\"${SRCROOT}/Pods/Target Support Files/Pods-TopPicUITests/Pods-TopPicUITests-resources.sh\"\n";
			showEnvVarsInLog = 0;
		};
		935D3C002138CD54DC6D4216 /* [CP] Check Pods Manifest.lock */ = {
			isa = PBXShellScriptBuildPhase;
			buildActionMask = 2147483647;
			files = (
			);
			inputPaths = (
			);
			name = "[CP] Check Pods Manifest.lock";
			outputPaths = (
			);
			runOnlyForDeploymentPostprocessing = 0;
			shellPath = /bin/sh;
			shellScript = "diff \"${PODS_PODFILE_DIR_PATH}/Podfile.lock\" \"${PODS_ROOT}/Manifest.lock\" > /dev/null\nif [ $? != 0 ] ; then\n    # print error to STDERR\n    echo \"error: The sandbox is not in sync with the Podfile.lock. Run 'pod install' or update your CocoaPods installation.\" >&2\n    exit 1\nfi\n";
			showEnvVarsInLog = 0;
		};
		9DBC41319571E0BF77674F77 /* [CP] Embed Pods Frameworks */ = {
			isa = PBXShellScriptBuildPhase;
			buildActionMask = 2147483647;
			files = (
			);
			inputPaths = (
			);
			name = "[CP] Embed Pods Frameworks";
			outputPaths = (
			);
			runOnlyForDeploymentPostprocessing = 0;
			shellPath = /bin/sh;
			shellScript = "\"${SRCROOT}/Pods/Target Support Files/Pods-TopPic/Pods-TopPic-frameworks.sh\"\n";
			showEnvVarsInLog = 0;
		};
		A6DC9F3018E25613235FB6B6 /* [CP] Copy Pods Resources */ = {
			isa = PBXShellScriptBuildPhase;
			buildActionMask = 2147483647;
			files = (
			);
			inputPaths = (
			);
			name = "[CP] Copy Pods Resources";
			outputPaths = (
			);
			runOnlyForDeploymentPostprocessing = 0;
			shellPath = /bin/sh;
			shellScript = "\"${SRCROOT}/Pods/Target Support Files/Pods-TopPicTests/Pods-TopPicTests-resources.sh\"\n";
			showEnvVarsInLog = 0;
		};
		D7580C11B016BBB016944ADF /* [CP] Check Pods Manifest.lock */ = {
			isa = PBXShellScriptBuildPhase;
			buildActionMask = 2147483647;
			files = (
			);
			inputPaths = (
			);
			name = "[CP] Check Pods Manifest.lock";
			outputPaths = (
			);
			runOnlyForDeploymentPostprocessing = 0;
			shellPath = /bin/sh;
			shellScript = "diff \"${PODS_PODFILE_DIR_PATH}/Podfile.lock\" \"${PODS_ROOT}/Manifest.lock\" > /dev/null\nif [ $? != 0 ] ; then\n    # print error to STDERR\n    echo \"error: The sandbox is not in sync with the Podfile.lock. Run 'pod install' or update your CocoaPods installation.\" >&2\n    exit 1\nfi\n";
			showEnvVarsInLog = 0;
		};
/* End PBXShellScriptBuildPhase section */

/* Begin PBXSourcesBuildPhase section */
		E59BF8BC1F1C4AE600AE1379 /* Sources */ = {
			isa = PBXSourcesBuildPhase;
			buildActionMask = 2147483647;
			files = (
				E5EB99E41F1ECC2F00B84699 /* DesignerView.swift in Sources */,
				E53C35431F20370700753B32 /* FeedVC.swift in Sources */,
				E5EB99EB1F1ED2F100B84699 /* DesignerField.swift in Sources */,
				E59BF8C61F1C4AE600AE1379 /* SignInVC.swift in Sources */,
				E5EB99E91F1ECEBF00B84699 /* RoundButt.swift in Sources */,
				E5EB99ED1F1ED43C00B84699 /* DesignerButt.swift in Sources */,
				E59BF8C41F1C4AE600AE1379 /* AppDelegate.swift in Sources */,
				E5EB99E71F1ECCC300B84699 /* Constants.swift in Sources */,
			);
			runOnlyForDeploymentPostprocessing = 0;
		};
		E59BF8D01F1C4AE600AE1379 /* Sources */ = {
			isa = PBXSourcesBuildPhase;
			buildActionMask = 2147483647;
			files = (
				E59BF8D91F1C4AE600AE1379 /* TopPicTests.swift in Sources */,
			);
			runOnlyForDeploymentPostprocessing = 0;
		};
		E59BF8DB1F1C4AE600AE1379 /* Sources */ = {
			isa = PBXSourcesBuildPhase;
			buildActionMask = 2147483647;
			files = (
				E59BF8E41F1C4AE600AE1379 /* TopPicUITests.swift in Sources */,
			);
			runOnlyForDeploymentPostprocessing = 0;
		};
/* End PBXSourcesBuildPhase section */

/* Begin PBXTargetDependency section */
		E59BF8D61F1C4AE600AE1379 /* PBXTargetDependency */ = {
			isa = PBXTargetDependency;
			target = E59BF8BF1F1C4AE600AE1379 /* TopPic */;
			targetProxy = E59BF8D51F1C4AE600AE1379 /* PBXContainerItemProxy */;
		};
		E59BF8E11F1C4AE600AE1379 /* PBXTargetDependency */ = {
			isa = PBXTargetDependency;
			target = E59BF8BF1F1C4AE600AE1379 /* TopPic */;
			targetProxy = E59BF8E01F1C4AE600AE1379 /* PBXContainerItemProxy */;
		};
/* End PBXTargetDependency section */

/* Begin PBXVariantGroup section */
		E59BF8C71F1C4AE600AE1379 /* Main.storyboard */ = {
			isa = PBXVariantGroup;
			children = (
				E59BF8C81F1C4AE600AE1379 /* Base */,
			);
			name = Main.storyboard;
			sourceTree = "<group>";
		};
		E59BF8CC1F1C4AE600AE1379 /* LaunchScreen.storyboard */ = {
			isa = PBXVariantGroup;
			children = (
				E59BF8CD1F1C4AE600AE1379 /* Base */,
			);
			name = LaunchScreen.storyboard;
			sourceTree = "<group>";
		};
/* End PBXVariantGroup section */

/* Begin XCBuildConfiguration section */
		E59BF8E61F1C4AE600AE1379 /* Debug */ = {
			isa = XCBuildConfiguration;
			buildSettings = {
				ALWAYS_SEARCH_USER_PATHS = NO;
				CLANG_ANALYZER_NONNULL = YES;
				CLANG_ANALYZER_NUMBER_OBJECT_CONVERSION = YES_AGGRESSIVE;
				CLANG_CXX_LANGUAGE_STANDARD = "gnu++0x";
				CLANG_CXX_LIBRARY = "libc++";
				CLANG_ENABLE_MODULES = YES;
				CLANG_ENABLE_OBJC_ARC = YES;
				CLANG_WARN_BOOL_CONVERSION = YES;
				CLANG_WARN_CONSTANT_CONVERSION = YES;
				CLANG_WARN_DIRECT_OBJC_ISA_USAGE = YES_ERROR;
				CLANG_WARN_DOCUMENTATION_COMMENTS = YES;
				CLANG_WARN_EMPTY_BODY = YES;
				CLANG_WARN_ENUM_CONVERSION = YES;
				CLANG_WARN_INFINITE_RECURSION = YES;
				CLANG_WARN_INT_CONVERSION = YES;
				CLANG_WARN_OBJC_ROOT_CLASS = YES_ERROR;
				CLANG_WARN_SUSPICIOUS_MOVE = YES;
				CLANG_WARN_UNREACHABLE_CODE = YES;
				CLANG_WARN__DUPLICATE_METHOD_MATCH = YES;
				"CODE_SIGN_IDENTITY[sdk=iphoneos*]" = "iPhone Developer";
				COPY_PHASE_STRIP = NO;
				DEBUG_INFORMATION_FORMAT = dwarf;
				ENABLE_STRICT_OBJC_MSGSEND = YES;
				ENABLE_TESTABILITY = YES;
				GCC_C_LANGUAGE_STANDARD = gnu99;
				GCC_DYNAMIC_NO_PIC = NO;
				GCC_NO_COMMON_BLOCKS = YES;
				GCC_OPTIMIZATION_LEVEL = 0;
				GCC_PREPROCESSOR_DEFINITIONS = (
					"DEBUG=1",
					"$(inherited)",
				);
				GCC_WARN_64_TO_32_BIT_CONVERSION = YES;
				GCC_WARN_ABOUT_RETURN_TYPE = YES_ERROR;
				GCC_WARN_UNDECLARED_SELECTOR = YES;
				GCC_WARN_UNINITIALIZED_AUTOS = YES_AGGRESSIVE;
				GCC_WARN_UNUSED_FUNCTION = YES;
				GCC_WARN_UNUSED_VARIABLE = YES;
				IPHONEOS_DEPLOYMENT_TARGET = 10.3;
				MTL_ENABLE_DEBUG_INFO = YES;
				ONLY_ACTIVE_ARCH = YES;
				SDKROOT = iphoneos;
				SWIFT_ACTIVE_COMPILATION_CONDITIONS = DEBUG;
				SWIFT_OPTIMIZATION_LEVEL = "-Onone";
				TARGETED_DEVICE_FAMILY = "1,2";
			};
			name = Debug;
		};
		E59BF8E71F1C4AE600AE1379 /* Release */ = {
			isa = XCBuildConfiguration;
			buildSettings = {
				ALWAYS_SEARCH_USER_PATHS = NO;
				CLANG_ANALYZER_NONNULL = YES;
				CLANG_ANALYZER_NUMBER_OBJECT_CONVERSION = YES_AGGRESSIVE;
				CLANG_CXX_LANGUAGE_STANDARD = "gnu++0x";
				CLANG_CXX_LIBRARY = "libc++";
				CLANG_ENABLE_MODULES = YES;
				CLANG_ENABLE_OBJC_ARC = YES;
				CLANG_WARN_BOOL_CONVERSION = YES;
				CLANG_WARN_CONSTANT_CONVERSION = YES;
				CLANG_WARN_DIRECT_OBJC_ISA_USAGE = YES_ERROR;
				CLANG_WARN_DOCUMENTATION_COMMENTS = YES;
				CLANG_WARN_EMPTY_BODY = YES;
				CLANG_WARN_ENUM_CONVERSION = YES;
				CLANG_WARN_INFINITE_RECURSION = YES;
				CLANG_WARN_INT_CONVERSION = YES;
				CLANG_WARN_OBJC_ROOT_CLASS = YES_ERROR;
				CLANG_WARN_SUSPICIOUS_MOVE = YES;
				CLANG_WARN_UNREACHABLE_CODE = YES;
				CLANG_WARN__DUPLICATE_METHOD_MATCH = YES;
				"CODE_SIGN_IDENTITY[sdk=iphoneos*]" = "iPhone Developer";
				COPY_PHASE_STRIP = NO;
				DEBUG_INFORMATION_FORMAT = "dwarf-with-dsym";
				ENABLE_NS_ASSERTIONS = NO;
				ENABLE_STRICT_OBJC_MSGSEND = YES;
				GCC_C_LANGUAGE_STANDARD = gnu99;
				GCC_NO_COMMON_BLOCKS = YES;
				GCC_WARN_64_TO_32_BIT_CONVERSION = YES;
				GCC_WARN_ABOUT_RETURN_TYPE = YES_ERROR;
				GCC_WARN_UNDECLARED_SELECTOR = YES;
				GCC_WARN_UNINITIALIZED_AUTOS = YES_AGGRESSIVE;
				GCC_WARN_UNUSED_FUNCTION = YES;
				GCC_WARN_UNUSED_VARIABLE = YES;
				IPHONEOS_DEPLOYMENT_TARGET = 10.3;
				MTL_ENABLE_DEBUG_INFO = NO;
				SDKROOT = iphoneos;
				SWIFT_OPTIMIZATION_LEVEL = "-Owholemodule";
				TARGETED_DEVICE_FAMILY = "1,2";
				VALIDATE_PRODUCT = YES;
			};
			name = Release;
		};
		E59BF8E91F1C4AE600AE1379 /* Debug */ = {
			isa = XCBuildConfiguration;
			baseConfigurationReference = 88DA45C3B627D6D109A155AA /* Pods-TopPic.debug.xcconfig */;
			buildSettings = {
				ASSETCATALOG_COMPILER_APPICON_NAME = AppIcon;
				DEVELOPMENT_TEAM = K3QN7X3UHX;
				FRAMEWORK_SEARCH_PATHS = (
					"$(inherited)",
					"$(PROJECT_DIR)",
				);
				INFOPLIST_FILE = TopPic/Info.plist;
				LD_RUNPATH_SEARCH_PATHS = "$(inherited) @executable_path/Frameworks";
				PRODUCT_BUNDLE_IDENTIFIER = com.chadfegley.TopPic;
				PRODUCT_NAME = "$(TARGET_NAME)";
				SWIFT_VERSION = 3.0;
			};
			name = Debug;
		};
		E59BF8EA1F1C4AE600AE1379 /* Release */ = {
			isa = XCBuildConfiguration;
			baseConfigurationReference = 4368B9214CEC59DB4CDB60CE /* Pods-TopPic.release.xcconfig */;
			buildSettings = {
				ASSETCATALOG_COMPILER_APPICON_NAME = AppIcon;
				DEVELOPMENT_TEAM = K3QN7X3UHX;
				FRAMEWORK_SEARCH_PATHS = (
					"$(inherited)",
					"$(PROJECT_DIR)",
				);
				"FRAMEWORK_SEARCH_PATHS[arch=*]" = "~/Desktop/FacebookSwiftSDK";
				INFOPLIST_FILE = TopPic/Info.plist;
				LD_RUNPATH_SEARCH_PATHS = "$(inherited) @executable_path/Frameworks";
				PRODUCT_BUNDLE_IDENTIFIER = com.chadfegley.TopPic;
				PRODUCT_NAME = "$(TARGET_NAME)";
				SWIFT_VERSION = 3.0;
			};
			name = Release;
		};
		E59BF8EC1F1C4AE600AE1379 /* Debug */ = {
			isa = XCBuildConfiguration;
			baseConfigurationReference = 963AB638645434E61543EF66 /* Pods-TopPicTests.debug.xcconfig */;
			buildSettings = {
				ALWAYS_EMBED_SWIFT_STANDARD_LIBRARIES = YES;
				BUNDLE_LOADER = "$(TEST_HOST)";
				DEVELOPMENT_TEAM = K3QN7X3UHX;
				INFOPLIST_FILE = TopPicTests/Info.plist;
				LD_RUNPATH_SEARCH_PATHS = "$(inherited) @executable_path/Frameworks @loader_path/Frameworks";
				PRODUCT_BUNDLE_IDENTIFIER = com.chadfegley.TopPicTests;
				PRODUCT_NAME = "$(TARGET_NAME)";
				SWIFT_VERSION = 3.0;
				TEST_HOST = "$(BUILT_PRODUCTS_DIR)/TopPic.app/TopPic";
			};
			name = Debug;
		};
		E59BF8ED1F1C4AE600AE1379 /* Release */ = {
			isa = XCBuildConfiguration;
			baseConfigurationReference = B76F2E9680CF3DA4CFF2FE6C /* Pods-TopPicTests.release.xcconfig */;
			buildSettings = {
				ALWAYS_EMBED_SWIFT_STANDARD_LIBRARIES = YES;
				BUNDLE_LOADER = "$(TEST_HOST)";
				DEVELOPMENT_TEAM = K3QN7X3UHX;
				INFOPLIST_FILE = TopPicTests/Info.plist;
				LD_RUNPATH_SEARCH_PATHS = "$(inherited) @executable_path/Frameworks @loader_path/Frameworks";
				PRODUCT_BUNDLE_IDENTIFIER = com.chadfegley.TopPicTests;
				PRODUCT_NAME = "$(TARGET_NAME)";
				SWIFT_VERSION = 3.0;
				TEST_HOST = "$(BUILT_PRODUCTS_DIR)/TopPic.app/TopPic";
			};
			name = Release;
		};
		E59BF8EF1F1C4AE600AE1379 /* Debug */ = {
			isa = XCBuildConfiguration;
			baseConfigurationReference = 18B80E028DE8353076B2793E /* Pods-TopPicUITests.debug.xcconfig */;
			buildSettings = {
				ALWAYS_EMBED_SWIFT_STANDARD_LIBRARIES = YES;
				DEVELOPMENT_TEAM = K3QN7X3UHX;
				INFOPLIST_FILE = TopPicUITests/Info.plist;
				LD_RUNPATH_SEARCH_PATHS = "$(inherited) @executable_path/Frameworks @loader_path/Frameworks";
				PRODUCT_BUNDLE_IDENTIFIER = com.chadfegley.TopPicUITests;
				PRODUCT_NAME = "$(TARGET_NAME)";
				SWIFT_VERSION = 3.0;
				TEST_TARGET_NAME = TopPic;
			};
			name = Debug;
		};
		E59BF8F01F1C4AE600AE1379 /* Release */ = {
			isa = XCBuildConfiguration;
			baseConfigurationReference = 2E1612D14AF652F26F101CD2 /* Pods-TopPicUITests.release.xcconfig */;
			buildSettings = {
				ALWAYS_EMBED_SWIFT_STANDARD_LIBRARIES = YES;
				DEVELOPMENT_TEAM = K3QN7X3UHX;
				INFOPLIST_FILE = TopPicUITests/Info.plist;
				LD_RUNPATH_SEARCH_PATHS = "$(inherited) @executable_path/Frameworks @loader_path/Frameworks";
				PRODUCT_BUNDLE_IDENTIFIER = com.chadfegley.TopPicUITests;
				PRODUCT_NAME = "$(TARGET_NAME)";
				SWIFT_VERSION = 3.0;
				TEST_TARGET_NAME = TopPic;
			};
			name = Release;
		};
/* End XCBuildConfiguration section */

/* Begin XCConfigurationList section */
		E59BF8BB1F1C4AE600AE1379 /* Build configuration list for PBXProject "TopPic" */ = {
			isa = XCConfigurationList;
			buildConfigurations = (
				E59BF8E61F1C4AE600AE1379 /* Debug */,
				E59BF8E71F1C4AE600AE1379 /* Release */,
			);
			defaultConfigurationIsVisible = 0;
			defaultConfigurationName = Release;
		};
		E59BF8E81F1C4AE600AE1379 /* Build configuration list for PBXNativeTarget "TopPic" */ = {
			isa = XCConfigurationList;
			buildConfigurations = (
				E59BF8E91F1C4AE600AE1379 /* Debug */,
				E59BF8EA1F1C4AE600AE1379 /* Release */,
			);
			defaultConfigurationIsVisible = 0;
			defaultConfigurationName = Release;
		};
		E59BF8EB1F1C4AE600AE1379 /* Build configuration list for PBXNativeTarget "TopPicTests" */ = {
			isa = XCConfigurationList;
			buildConfigurations = (
				E59BF8EC1F1C4AE600AE1379 /* Debug */,
				E59BF8ED1F1C4AE600AE1379 /* Release */,
			);
			defaultConfigurationIsVisible = 0;
			defaultConfigurationName = Release;
		};
		E59BF8EE1F1C4AE600AE1379 /* Build configuration list for PBXNativeTarget "TopPicUITests" */ = {
			isa = XCConfigurationList;
			buildConfigurations = (
				E59BF8EF1F1C4AE600AE1379 /* Debug */,
				E59BF8F01F1C4AE600AE1379 /* Release */,
			);
			defaultConfigurationIsVisible = 0;
			defaultConfigurationName = Release;
		};
/* End XCConfigurationList section */
	};
	rootObject = E59BF8B81F1C4AE600AE1379 /* Project object */;
}
